
Microsoft Visual Studio Solution File, Format Version 12.00
# Visual Studio 15
VisualStudioVersion = 15.0.28307.421
MinimumVisualStudioVersion = 10.0.40219.1
Project("{FAE04EC0-301F-11D3-BF4B-00C04F79EFBC}") = "PigLatin", "PigLatin\PigLatin.csproj", "{9F0F5B4A-AC52-4792-80F0-D00977E4FD38}"
EndProject
Global
	GlobalSection(SolutionConfigurationPlatforms) = preSolution
		Debug|Any CPU = Debug|Any CPU
		Release|Any CPU = Release|Any CPU
	EndGlobalSection
	GlobalSection(ProjectConfigurationPlatforms) = postSolution
		{9F0F5B4A-AC52-4792-80F0-D00977E4FD38}.Debug|Any CPU.ActiveCfg = Debug|Any CPU
		{9F0F5B4A-AC52-4792-80F0-D00977E4FD38}.Debug|Any CPU.Build.0 = Debug|Any CPU
		{9F0F5B4A-AC52-4792-80F0-D00977E4FD38}.Release|Any CPU.ActiveCfg = Release|Any CPU
		{9F0F5B4A-AC52-4792-80F0-D00977E4FD38}.Release|Any CPU.Build.0 = Release|Any CPU
	EndGlobalSection
	GlobalSection(SolutionProperties) = preSolution
		HideSolutionNode = FALSE
	EndGlobalSection
	GlobalSection(ExtensibilityGlobals) = postSolution
		SolutionGuid = {5D3C00D4-F52F-47CB-B749-4DD4C10555A1}
	EndGlobalSection
EndGlobal
